version = 1
revision = 3
requires-python = ">=3.13"

[[package]]
name = "dataqualitydecorators"
version = "0.1.0"
source = { virtual = "." }

[package.dev-dependencies]
big-data = [
    { name = "pyspark" },
]

[package.metadata]

[package.metadata.requires-dev]
big-data = [{ name = "pyspark", specifier = ">=4.1.0" }]

[[package]]
name = "py4j"
version = "0.10.9.9"
source = { registry = "https://pypi.org/simple" }
sdist = { url = "https://files.pythonhosted.org/packages/38/31/0b210511177070c8d5d3059556194352e5753602fa64b85b7ab81ec1a009/py4j-0.10.9.9.tar.gz", hash = "sha256:f694cad19efa5bd1dee4f3e5270eb406613c974394035e5bfc4ec1aba870b879", size = 761089, upload-time = "2025-01-15T03:53:18.624Z" }
wheels = [
    { url = "https://files.pythonhosted.org/packages/bd/db/ea0203e495be491c85af87b66e37acfd3bf756fd985f87e46fc5e3bf022c/py4j-0.10.9.9-py2.py3-none-any.whl", hash = "sha256:c7c26e4158defb37b0bb124933163641a2ff6e3a3913f7811b0ddbe07ed61533", size = 203008, upload-time = "2025-01-15T03:53:15.648Z" },
]

[[package]]
name = "pyspark"
version = "4.1.0"
source = { registry = "https://pypi.org/simple" }
dependencies = [
    { name = "py4j" },
]
sdist = { url = "https://files.pythonhosted.org/packages/88/0d/f280cbd070e424008f370c068c6a371e0cbb902e33d9709b01e97d479b01/pyspark-4.1.0.tar.gz", hash = "sha256:09c714ada88dfac3e1213c066617c6f473c1e22fbe279855028f77e12434147d", size = 455337789, upload-time = "2025-12-16T12:30:47.141Z" }
